
Microsoft Visual Studio Solution File, Format Version 12.00
# Visual Studio Version 17
VisualStudioVersion = 17.7.34221.43
MinimumVisualStudioVersion = 10.0.40219.1
Project("{FAE04EC0-301F-11D3-BF4B-00C04F79EFBC}") = "practika", "practika\practika.csproj", "{1BE48636-8B60-4C97-8ACD-15AE0E08C373}"
EndProject
Global
	GlobalSection(SolutionConfigurationPlatforms) = preSolution
		Debug|Any CPU = Debug|Any CPU
		Release|Any CPU = Release|Any CPU
	EndGlobalSection
	GlobalSection(ProjectConfigurationPlatforms) = postSolution
		{1BE48636-8B60-4C97-8ACD-15AE0E08C373}.Debug|Any CPU.ActiveCfg = Debug|Any CPU
		{1BE48636-8B60-4C97-8ACD-15AE0E08C373}.Debug|Any CPU.Build.0 = Debug|Any CPU
		{1BE48636-8B60-4C97-8ACD-15AE0E08C373}.Release|Any CPU.ActiveCfg = Release|Any CPU
		{1BE48636-8B60-4C97-8ACD-15AE0E08C373}.Release|Any CPU.Build.0 = Release|Any CPU
	EndGlobalSection
	GlobalSection(SolutionProperties) = preSolution
		HideSolutionNode = FALSE
	EndGlobalSection
	GlobalSection(ExtensibilityGlobals) = postSolution
		SolutionGuid = {9A61360A-247E-49C4-9A4D-607ABD898DCD}
	EndGlobalSection
EndGlobal
